
Microsoft Visual Studio Solution File, Format Version 12.00
# Visual Studio Version 16
VisualStudioVersion = 16.0.30104.148
MinimumVisualStudioVersion = 10.0.40219.1
Project("{FAE04EC0-301F-11D3-BF4B-00C04F79EFBC}") = "pooJogoAdivinhacao", "pooJogoAdivinhacao\pooJogoAdivinhacao.csproj", "{DD9D7C19-8F88-470D-B487-085394C2A0AA}"
EndProject
Global
	GlobalSection(SolutionConfigurationPlatforms) = preSolution
		Debug|Any CPU = Debug|Any CPU
		Release|Any CPU = Release|Any CPU
	EndGlobalSection
	GlobalSection(ProjectConfigurationPlatforms) = postSolution
		{DD9D7C19-8F88-470D-B487-085394C2A0AA}.Debug|Any CPU.ActiveCfg = Debug|Any CPU
		{DD9D7C19-8F88-470D-B487-085394C2A0AA}.Debug|Any CPU.Build.0 = Debug|Any CPU
		{DD9D7C19-8F88-470D-B487-085394C2A0AA}.Release|Any CPU.ActiveCfg = Release|Any CPU
		{DD9D7C19-8F88-470D-B487-085394C2A0AA}.Release|Any CPU.Build.0 = Release|Any CPU
	EndGlobalSection
	GlobalSection(SolutionProperties) = preSolution
		HideSolutionNode = FALSE
	EndGlobalSection
	GlobalSection(ExtensibilityGlobals) = postSolution
		SolutionGuid = {85A28116-BCCA-432C-AD0F-538939873E6A}
	EndGlobalSection
EndGlobal
